
Microsoft Visual Studio Solution File, Format Version 12.00
# Visual Studio Version 16
VisualStudioVersion = 16.0.29519.181
MinimumVisualStudioVersion = 10.0.40219.1
Project("{9A19103F-16F7-4668-BE54-9A1E7A4F7556}") = "webapp01", "webapp01.csproj", "{989C3680-51FF-4AF3-AA58-A23C7A47D0A3}"
EndProject
Global
	GlobalSection(SolutionConfigurationPlatforms) = preSolution
		Debug|Any CPU = Debug|Any CPU
		Release|Any CPU = Release|Any CPU
	EndGlobalSection
	GlobalSection(ProjectConfigurationPlatforms) = postSolution
		{989C3680-51FF-4AF3-AA58-A23C7A47D0A3}.Debug|Any CPU.ActiveCfg = Debug|Any CPU
		{989C3680-51FF-4AF3-AA58-A23C7A47D0A3}.Debug|Any CPU.Build.0 = Debug|Any CPU
		{989C3680-51FF-4AF3-AA58-A23C7A47D0A3}.Release|Any CPU.ActiveCfg = Release|Any CPU
		{989C3680-51FF-4AF3-AA58-A23C7A47D0A3}.Release|Any CPU.Build.0 = Release|Any CPU
	EndGlobalSection
	GlobalSection(SolutionProperties) = preSolution
		HideSolutionNode = FALSE
	EndGlobalSection
	GlobalSection(ExtensibilityGlobals) = postSolution
		SolutionGuid = {BA2D00B8-D010-4AE6-B03C-9772B734CA69}
	EndGlobalSection
EndGlobal
